// !$*UTF8*$!
{
	archiveVersion = 1;
	classes = {
	};
	objectVersion = 56;
	objects = {

/* Begin PBXBuildFile section */
		320716872C28537B000C66CC /* ItemCell.swift in Sources */ = {isa = PBXBuildFile; fileRef = 320716862C28537B000C66CC /* ItemCell.swift */; };
		320B2D752C271BF1009C9063 /* Theme.swift in Sources */ = {isa = PBXBuildFile; fileRef = 320B2D742C271BF1009C9063 /* Theme.swift */; };
		320B2D772C272D91009C9063 /* AppFont.swift in Sources */ = {isa = PBXBuildFile; fileRef = 320B2D762C272D91009C9063 /* AppFont.swift */; };
		320B2D792C27337C009C9063 /* ItemDetailView.swift in Sources */ = {isa = PBXBuildFile; fileRef = 320B2D782C27337C009C9063 /* ItemDetailView.swift */; };
		320B2D7D2C274A17009C9063 /* ImportanceCell.swift in Sources */ = {isa = PBXBuildFile; fileRef = 320B2D7C2C274A17009C9063 /* ImportanceCell.swift */; };
		320B2D7F2C274ADA009C9063 /* ImportancePicker.swift in Sources */ = {isa = PBXBuildFile; fileRef = 320B2D7E2C274ADA009C9063 /* ImportancePicker.swift */; };
		320B2D812C274E35009C9063 /* Importance+Title.swift in Sources */ = {isa = PBXBuildFile; fileRef = 320B2D802C274E35009C9063 /* Importance+Title.swift */; };
		320B2D832C274E86009C9063 /* Importance+Image.swift in Sources */ = {isa = PBXBuildFile; fileRef = 320B2D822C274E86009C9063 /* Importance+Image.swift */; };
		320B2D852C2751E9009C9063 /* Images.swift in Sources */ = {isa = PBXBuildFile; fileRef = 320B2D842C2751E9009C9063 /* Images.swift */; };
		32376D622C2463BA00BCBC99 /* ToDoItem+Index.swift in Sources */ = {isa = PBXBuildFile; fileRef = 32376D612C2463BA00BCBC99 /* ToDoItem+Index.swift */; };
		32392FE22C2A2E550078030C /* RowSepatatorLeadingPadding.swift in Sources */ = {isa = PBXBuildFile; fileRef = 32392FE12C2A2E550078030C /* RowSepatatorLeadingPadding.swift */; };
		323A70D12C357CF900ECB9DB /* RoundPlusButton.swift in Sources */ = {isa = PBXBuildFile; fileRef = 323A70D02C357CF900ECB9DB /* RoundPlusButton.swift */; };
		323A70D72C359AA500ECB9DB /* NewCategoryViewController.swift in Sources */ = {isa = PBXBuildFile; fileRef = 323A70D62C359AA500ECB9DB /* NewCategoryViewController.swift */; };
		323A70D92C359AEB00ECB9DB /* NewCategoryView.swift in Sources */ = {isa = PBXBuildFile; fileRef = 323A70D82C359AEB00ECB9DB /* NewCategoryView.swift */; };
		323A70DB2C359B4D00ECB9DB /* NewCategoryViewModel.swift in Sources */ = {isa = PBXBuildFile; fileRef = 323A70DA2C359B4D00ECB9DB /* NewCategoryViewModel.swift */; };
		3242D30A2C27146E00905FA7 /* ListHeaderView.swift in Sources */ = {isa = PBXBuildFile; fileRef = 3242D3092C27146D00905FA7 /* ListHeaderView.swift */; };
		324902EA2C1E2CE500068B12 /* ToDoListApp.swift in Sources */ = {isa = PBXBuildFile; fileRef = 324902E92C1E2CE500068B12 /* ToDoListApp.swift */; };
		324902EC2C1E2CE500068B12 /* ItemsListView.swift in Sources */ = {isa = PBXBuildFile; fileRef = 324902EB2C1E2CE500068B12 /* ItemsListView.swift */; };
		324902EE2C1E2CE800068B12 /* Assets.xcassets in Resources */ = {isa = PBXBuildFile; fileRef = 324902ED2C1E2CE800068B12 /* Assets.xcassets */; };
		324902F12C1E2CE800068B12 /* Preview Assets.xcassets in Resources */ = {isa = PBXBuildFile; fileRef = 324902F02C1E2CE800068B12 /* Preview Assets.xcassets */; };
		324903052C1E2CE900068B12 /* ToDoListUITests.swift in Sources */ = {isa = PBXBuildFile; fileRef = 324903042C1E2CE900068B12 /* ToDoListUITests.swift */; };
		324903072C1E2CE900068B12 /* ToDoListUITestsLaunchTests.swift in Sources */ = {isa = PBXBuildFile; fileRef = 324903062C1E2CE900068B12 /* ToDoListUITestsLaunchTests.swift */; };
		324903222C1E44AE00068B12 /* ToDoItem.swift in Sources */ = {isa = PBXBuildFile; fileRef = 324903212C1E44AE00068B12 /* ToDoItem.swift */; };
		324903242C1E44C700068B12 /* Constants.swift in Sources */ = {isa = PBXBuildFile; fileRef = 324903232C1E44C700068B12 /* Constants.swift */; };
		324903262C1E44E600068B12 /* String+Date.swift in Sources */ = {isa = PBXBuildFile; fileRef = 324903252C1E44E600068B12 /* String+Date.swift */; };
		324903292C1E476D00068B12 /* FileCache.swift in Sources */ = {isa = PBXBuildFile; fileRef = 324903282C1E476D00068B12 /* FileCache.swift */; };
		3262DA5A2C28E11C0031488B /* NewItemCell.swift in Sources */ = {isa = PBXBuildFile; fileRef = 3262DA592C28E11C0031488B /* NewItemCell.swift */; };
		3262DA5E2C28F2720031488B /* ItemsListViewModel.swift in Sources */ = {isa = PBXBuildFile; fileRef = 3262DA5D2C28F2720031488B /* ItemsListViewModel.swift */; };
		3262DA602C28FA060031488B /* ItemDetailViewModel.swift in Sources */ = {isa = PBXBuildFile; fileRef = 3262DA5F2C28FA050031488B /* ItemDetailViewModel.swift */; };
		3262DA622C29031F0031488B /* ToDoItem+NewItem.swift in Sources */ = {isa = PBXBuildFile; fileRef = 3262DA612C29031F0031488B /* ToDoItem+NewItem.swift */; };
		32636D862C32D6BD000E029C /* CalendarListViewController+CollectionViewDataSource.swift in Sources */ = {isa = PBXBuildFile; fileRef = 32636D852C32D6BD000E029C /* CalendarListViewController+CollectionViewDataSource.swift */; };
		32636D882C32D820000E029C /* CalendarListViewController+CollectionSection.swift in Sources */ = {isa = PBXBuildFile; fileRef = 32636D872C32D820000E029C /* CalendarListViewController+CollectionSection.swift */; };
		32636D8A2C32E108000E029C /* DeadlineDateCell.swift in Sources */ = {isa = PBXBuildFile; fileRef = 32636D892C32E108000E029C /* DeadlineDateCell.swift */; };
		32636D8C2C32E4BD000E029C /* OtherDeadlineCell.swift in Sources */ = {isa = PBXBuildFile; fileRef = 32636D8B2C32E4BD000E029C /* OtherDeadlineCell.swift */; };
		32636D932C341A6B000E029C /* CalendarItemCell.swift in Sources */ = {isa = PBXBuildFile; fileRef = 32636D922C341A6B000E029C /* CalendarItemCell.swift */; };
		32636D992C341C49000E029C /* CategoryStore.swift in Sources */ = {isa = PBXBuildFile; fileRef = 32636D982C341C49000E029C /* CategoryStore.swift */; };
		32636D9B2C344B70000E029C /* CategoryColorView.swift in Sources */ = {isa = PBXBuildFile; fileRef = 32636D9A2C344B70000E029C /* CategoryColorView.swift */; };
		32636D9F2C345A5A000E029C /* CategoryCell.swift in Sources */ = {isa = PBXBuildFile; fileRef = 32636D9E2C345A5A000E029C /* CategoryCell.swift */; };
		32636DA12C346522000E029C /* Category+Main.swift in Sources */ = {isa = PBXBuildFile; fileRef = 32636DA02C346522000E029C /* Category+Main.swift */; };
		32636DA42C34811A000E029C /* CalendarListHeader.swift in Sources */ = {isa = PBXBuildFile; fileRef = 32636DA32C34811A000E029C /* CalendarListHeader.swift */; };
		327418CC2C206965009C8B93 /* ToDoItemTest.swift in Sources */ = {isa = PBXBuildFile; fileRef = 327418CB2C206965009C8B93 /* ToDoItemTest.swift */; };
		327C4D7A2C2B1AA50074933B /* EnabledDisabledButtonStyle.swift in Sources */ = {isa = PBXBuildFile; fileRef = 327C4D792C2B1AA50074933B /* EnabledDisabledButtonStyle.swift */; };
		327C4D7C2C2B23F60074933B /* AddNewItemButton.swift in Sources */ = {isa = PBXBuildFile; fileRef = 327C4D7B2C2B23F60074933B /* AddNewItemButton.swift */; };
		327C4D7E2C2B5C250074933B /* DateToString.swift in Sources */ = {isa = PBXBuildFile; fileRef = 327C4D7D2C2B5C250074933B /* DateToString.swift */; };
		327C4D802C2B5EB70074933B /* DateFormat.swift in Sources */ = {isa = PBXBuildFile; fileRef = 327C4D7F2C2B5EB70074933B /* DateFormat.swift */; };
		327C4D822C2B769C0074933B /* SuccessButton.swift in Sources */ = {isa = PBXBuildFile; fileRef = 327C4D812C2B769C0074933B /* SuccessButton.swift */; };
		327C4D842C2B777C0074933B /* InfoButton.swift in Sources */ = {isa = PBXBuildFile; fileRef = 327C4D832C2B777C0074933B /* InfoButton.swift */; };
		327C4D862C2B78D60074933B /* DeleteButton.swift in Sources */ = {isa = PBXBuildFile; fileRef = 327C4D852C2B78D60074933B /* DeleteButton.swift */; };
		327C4D882C2B815C0074933B /* ToDoItem+Init.swift in Sources */ = {isa = PBXBuildFile; fileRef = 327C4D872C2B815C0074933B /* ToDoItem+Init.swift */; };
		327C9A732C2EDD0700F8AA77 /* Importance+Comparable.swift in Sources */ = {isa = PBXBuildFile; fileRef = 327C9A722C2EDD0700F8AA77 /* Importance+Comparable.swift */; };
		327C9A772C2F6E2200F8AA77 /* GrayShadesColorPicker.swift in Sources */ = {isa = PBXBuildFile; fileRef = 327C9A762C2F6E2200F8AA77 /* GrayShadesColorPicker.swift */; };
		328605AD2C34892800CA9C3F /* Date+Components.swift in Sources */ = {isa = PBXBuildFile; fileRef = 328605AC2C34892800CA9C3F /* Date+Components.swift */; };
		32894D282C31E5C700773549 /* UseAutoLayout.swift in Sources */ = {isa = PBXBuildFile; fileRef = 32894D272C31E5C700773549 /* UseAutoLayout.swift */; };
		32894D2C2C31E63000773549 /* ViewController.swift in Sources */ = {isa = PBXBuildFile; fileRef = 32894D2B2C31E63000773549 /* ViewController.swift */; };
		32894D2E2C31E68700773549 /* UIView+Style.swift in Sources */ = {isa = PBXBuildFile; fileRef = 32894D2D2C31E68700773549 /* UIView+Style.swift */; };
		32894D302C31E85200773549 /* UIView+PinnedSubview.swift in Sources */ = {isa = PBXBuildFile; fileRef = 32894D2F2C31E85200773549 /* UIView+PinnedSubview.swift */; };
		32894D362C31E8BF00773549 /* CalendarItemListView.swift in Sources */ = {isa = PBXBuildFile; fileRef = 32894D352C31E8BF00773549 /* CalendarItemListView.swift */; };
		32894D392C31E9EA00773549 /* Color+UIColor.swift in Sources */ = {isa = PBXBuildFile; fileRef = 32894D382C31E9EA00773549 /* Color+UIColor.swift */; };
		32894D3B2C31EC0F00773549 /* CalendarItemListViewController.swift in Sources */ = {isa = PBXBuildFile; fileRef = 32894D3A2C31EC0F00773549 /* CalendarItemListViewController.swift */; };
		32894D3D2C31ED3F00773549 /* CalendarItemListViewModel.swift in Sources */ = {isa = PBXBuildFile; fileRef = 32894D3C2C31ED3F00773549 /* CalendarItemListViewModel.swift */; };
		32894D402C31F0F600773549 /* CalendarListView.swift in Sources */ = {isa = PBXBuildFile; fileRef = 32894D3F2C31F0F600773549 /* CalendarListView.swift */; };
		32894D432C32075E00773549 /* CalendarItemListViewModel+TableSection.swift in Sources */ = {isa = PBXBuildFile; fileRef = 32894D422C32075E00773549 /* CalendarItemListViewModel+TableSection.swift */; };
		32894D452C320DD900773549 /* UITableViewDiffableDataSource+ApplySnapshot.swift in Sources */ = {isa = PBXBuildFile; fileRef = 32894D442C320DD900773549 /* UITableViewDiffableDataSource+ApplySnapshot.swift */; };
		32894D472C32111A00773549 /* CalendarItemViewController+TableDataSource.swift in Sources */ = {isa = PBXBuildFile; fileRef = 32894D462C32111A00773549 /* CalendarItemViewController+TableDataSource.swift */; };
		3296AA112C36BAB50068A910 /* Category+JSON.swift in Sources */ = {isa = PBXBuildFile; fileRef = 3296AA102C36BAB50068A910 /* Category+JSON.swift */; };
		329D160C2C2D8A2800C5EC76 /* ItemColorCell.swift in Sources */ = {isa = PBXBuildFile; fileRef = 329D160B2C2D8A2800C5EC76 /* ItemColorCell.swift */; };
		329D35CA2C2C907D00036905 /* PaletteColorPicker.swift in Sources */ = {isa = PBXBuildFile; fileRef = 329D35C92C2C907D00036905 /* PaletteColorPicker.swift */; };
		329D35CC2C2C90D700036905 /* ShapeStyle+ColorPickerGradient.swift in Sources */ = {isa = PBXBuildFile; fileRef = 329D35CB2C2C90D700036905 /* ShapeStyle+ColorPickerGradient.swift */; };
		329D35CE2C2CA21200036905 /* ItemColorView.swift in Sources */ = {isa = PBXBuildFile; fileRef = 329D35CD2C2CA21200036905 /* ItemColorView.swift */; };
		329D35D12C2CA50200036905 /* ColorPeakerHeader.swift in Sources */ = {isa = PBXBuildFile; fileRef = 329D35D02C2CA50200036905 /* ColorPeakerHeader.swift */; };
		329D35D72C2CD0D300036905 /* GradientRing.swift in Sources */ = {isa = PBXBuildFile; fileRef = 329D35D62C2CD0D300036905 /* GradientRing.swift */; };
		329D35D92C2CE5BD00036905 /* UIColor+HexString.swift in Sources */ = {isa = PBXBuildFile; fileRef = 329D35D82C2CE5BD00036905 /* UIColor+HexString.swift */; };
		329D35DB2C2CE90600036905 /* Color+Hex.swift in Sources */ = {isa = PBXBuildFile; fileRef = 329D35DA2C2CE90600036905 /* Color+Hex.swift */; };
		32C66C2F2C1F4B70002AE2BA /* ToDoItem+Order.swift in Sources */ = {isa = PBXBuildFile; fileRef = 32C66C2E2C1F4B70002AE2BA /* ToDoItem+Order.swift */; };
		32E767572C2784F2009F5B1C /* DeadlineCell.swift in Sources */ = {isa = PBXBuildFile; fileRef = 32E767562C2784F2009F5B1C /* DeadlineCell.swift */; };
		32E7675A2C2792E0009F5B1C /* TextFieldCell.swift in Sources */ = {isa = PBXBuildFile; fileRef = 32E767592C2792E0009F5B1C /* TextFieldCell.swift */; };
		32E7675E2C279B84009F5B1C /* RowSeparatorTrailingPadding.swift in Sources */ = {isa = PBXBuildFile; fileRef = 32E7675D2C279B84009F5B1C /* RowSeparatorTrailingPadding.swift */; };
/* End PBXBuildFile section */

/* Begin PBXContainerItemProxy section */
		324902F72C1E2CE900068B12 /* PBXContainerItemProxy */ = {
			isa = PBXContainerItemProxy;
			containerPortal = 324902DE2C1E2CE500068B12 /* Project object */;
			proxyType = 1;
			remoteGlobalIDString = 324902E52C1E2CE500068B12;
			remoteInfo = ToDoList;
		};
		324903012C1E2CE900068B12 /* PBXContainerItemProxy */ = {
			isa = PBXContainerItemProxy;
			containerPortal = 324902DE2C1E2CE500068B12 /* Project object */;
			proxyType = 1;
			remoteGlobalIDString = 324902E52C1E2CE500068B12;
			remoteInfo = ToDoList;
		};
/* End PBXContainerItemProxy section */

/* Begin PBXFileReference section */
		320716862C28537B000C66CC /* ItemCell.swift */ = {isa = PBXFileReference; lastKnownFileType = sourcecode.swift; path = ItemCell.swift; sourceTree = "<group>"; };
		320B2D742C271BF1009C9063 /* Theme.swift */ = {isa = PBXFileReference; lastKnownFileType = sourcecode.swift; path = Theme.swift; sourceTree = "<group>"; };
		320B2D762C272D91009C9063 /* AppFont.swift */ = {isa = PBXFileReference; lastKnownFileType = sourcecode.swift; path = AppFont.swift; sourceTree = "<group>"; };
		320B2D782C27337C009C9063 /* ItemDetailView.swift */ = {isa = PBXFileReference; lastKnownFileType = sourcecode.swift; path = ItemDetailView.swift; sourceTree = "<group>"; };
		320B2D7C2C274A17009C9063 /* ImportanceCell.swift */ = {isa = PBXFileReference; lastKnownFileType = sourcecode.swift; path = ImportanceCell.swift; sourceTree = "<group>"; };
		320B2D7E2C274ADA009C9063 /* ImportancePicker.swift */ = {isa = PBXFileReference; lastKnownFileType = sourcecode.swift; path = ImportancePicker.swift; sourceTree = "<group>"; };
		320B2D802C274E35009C9063 /* Importance+Title.swift */ = {isa = PBXFileReference; lastKnownFileType = sourcecode.swift; path = "Importance+Title.swift"; sourceTree = "<group>"; };
		320B2D822C274E86009C9063 /* Importance+Image.swift */ = {isa = PBXFileReference; lastKnownFileType = sourcecode.swift; path = "Importance+Image.swift"; sourceTree = "<group>"; };
		320B2D842C2751E9009C9063 /* Images.swift */ = {isa = PBXFileReference; lastKnownFileType = sourcecode.swift; path = Images.swift; sourceTree = "<group>"; };
		32376D612C2463BA00BCBC99 /* ToDoItem+Index.swift */ = {isa = PBXFileReference; lastKnownFileType = sourcecode.swift; path = "ToDoItem+Index.swift"; sourceTree = "<group>"; };
		32392FE12C2A2E550078030C /* RowSepatatorLeadingPadding.swift */ = {isa = PBXFileReference; lastKnownFileType = sourcecode.swift; path = RowSepatatorLeadingPadding.swift; sourceTree = "<group>"; };
		323A70D02C357CF900ECB9DB /* RoundPlusButton.swift */ = {isa = PBXFileReference; lastKnownFileType = sourcecode.swift; path = RoundPlusButton.swift; sourceTree = "<group>"; };
		323A70D62C359AA500ECB9DB /* NewCategoryViewController.swift */ = {isa = PBXFileReference; lastKnownFileType = sourcecode.swift; path = NewCategoryViewController.swift; sourceTree = "<group>"; };
		323A70D82C359AEB00ECB9DB /* NewCategoryView.swift */ = {isa = PBXFileReference; lastKnownFileType = sourcecode.swift; path = NewCategoryView.swift; sourceTree = "<group>"; };
		323A70DA2C359B4D00ECB9DB /* NewCategoryViewModel.swift */ = {isa = PBXFileReference; lastKnownFileType = sourcecode.swift; path = NewCategoryViewModel.swift; sourceTree = "<group>"; };
		3242D3092C27146D00905FA7 /* ListHeaderView.swift */ = {isa = PBXFileReference; lastKnownFileType = sourcecode.swift; path = ListHeaderView.swift; sourceTree = "<group>"; };
		324902E62C1E2CE500068B12 /* ToDoList.app */ = {isa = PBXFileReference; explicitFileType = wrapper.application; includeInIndex = 0; path = ToDoList.app; sourceTree = BUILT_PRODUCTS_DIR; };
		324902E92C1E2CE500068B12 /* ToDoListApp.swift */ = {isa = PBXFileReference; lastKnownFileType = sourcecode.swift; path = ToDoListApp.swift; sourceTree = "<group>"; };
		324902EB2C1E2CE500068B12 /* ItemsListView.swift */ = {isa = PBXFileReference; lastKnownFileType = sourcecode.swift; path = ItemsListView.swift; sourceTree = "<group>"; };
		324902ED2C1E2CE800068B12 /* Assets.xcassets */ = {isa = PBXFileReference; lastKnownFileType = folder.assetcatalog; path = Assets.xcassets; sourceTree = "<group>"; };
		324902F02C1E2CE800068B12 /* Preview Assets.xcassets */ = {isa = PBXFileReference; lastKnownFileType = folder.assetcatalog; path = "Preview Assets.xcassets"; sourceTree = "<group>"; };
		324902F62C1E2CE900068B12 /* ToDoListTests.xctest */ = {isa = PBXFileReference; explicitFileType = wrapper.cfbundle; includeInIndex = 0; path = ToDoListTests.xctest; sourceTree = BUILT_PRODUCTS_DIR; };
		324903002C1E2CE900068B12 /* ToDoListUITests.xctest */ = {isa = PBXFileReference; explicitFileType = wrapper.cfbundle; includeInIndex = 0; path = ToDoListUITests.xctest; sourceTree = BUILT_PRODUCTS_DIR; };
		324903042C1E2CE900068B12 /* ToDoListUITests.swift */ = {isa = PBXFileReference; lastKnownFileType = sourcecode.swift; path = ToDoListUITests.swift; sourceTree = "<group>"; };
		324903062C1E2CE900068B12 /* ToDoListUITestsLaunchTests.swift */ = {isa = PBXFileReference; lastKnownFileType = sourcecode.swift; path = ToDoListUITestsLaunchTests.swift; sourceTree = "<group>"; };
		324903212C1E44AE00068B12 /* ToDoItem.swift */ = {isa = PBXFileReference; lastKnownFileType = sourcecode.swift; path = ToDoItem.swift; sourceTree = "<group>"; };
		324903232C1E44C700068B12 /* Constants.swift */ = {isa = PBXFileReference; lastKnownFileType = sourcecode.swift; path = Constants.swift; sourceTree = "<group>"; };
		324903252C1E44E600068B12 /* String+Date.swift */ = {isa = PBXFileReference; lastKnownFileType = sourcecode.swift; path = "String+Date.swift"; sourceTree = "<group>"; };
		324903282C1E476D00068B12 /* FileCache.swift */ = {isa = PBXFileReference; lastKnownFileType = sourcecode.swift; path = FileCache.swift; sourceTree = "<group>"; };
		3249032D2C1E53B700068B12 /* Info.plist */ = {isa = PBXFileReference; lastKnownFileType = text.plist.xml; path = Info.plist; sourceTree = "<group>"; };
		3262DA592C28E11C0031488B /* NewItemCell.swift */ = {isa = PBXFileReference; lastKnownFileType = sourcecode.swift; path = NewItemCell.swift; sourceTree = "<group>"; };
		3262DA5D2C28F2720031488B /* ItemsListViewModel.swift */ = {isa = PBXFileReference; lastKnownFileType = sourcecode.swift; path = ItemsListViewModel.swift; sourceTree = "<group>"; };
		3262DA5F2C28FA050031488B /* ItemDetailViewModel.swift */ = {isa = PBXFileReference; lastKnownFileType = sourcecode.swift; path = ItemDetailViewModel.swift; sourceTree = "<group>"; };
		3262DA612C29031F0031488B /* ToDoItem+NewItem.swift */ = {isa = PBXFileReference; lastKnownFileType = sourcecode.swift; path = "ToDoItem+NewItem.swift"; sourceTree = "<group>"; };
		32636D852C32D6BD000E029C /* CalendarListViewController+CollectionViewDataSource.swift */ = {isa = PBXFileReference; lastKnownFileType = sourcecode.swift; path = "CalendarListViewController+CollectionViewDataSource.swift"; sourceTree = "<group>"; };
		32636D872C32D820000E029C /* CalendarListViewController+CollectionSection.swift */ = {isa = PBXFileReference; lastKnownFileType = sourcecode.swift; path = "CalendarListViewController+CollectionSection.swift"; sourceTree = "<group>"; };
		32636D892C32E108000E029C /* DeadlineDateCell.swift */ = {isa = PBXFileReference; lastKnownFileType = sourcecode.swift; path = DeadlineDateCell.swift; sourceTree = "<group>"; };
		32636D8B2C32E4BD000E029C /* OtherDeadlineCell.swift */ = {isa = PBXFileReference; lastKnownFileType = sourcecode.swift; path = OtherDeadlineCell.swift; sourceTree = "<group>"; };
		32636D922C341A6B000E029C /* CalendarItemCell.swift */ = {isa = PBXFileReference; lastKnownFileType = sourcecode.swift; path = CalendarItemCell.swift; sourceTree = "<group>"; };
		32636D982C341C49000E029C /* CategoryStore.swift */ = {isa = PBXFileReference; lastKnownFileType = sourcecode.swift; path = CategoryStore.swift; sourceTree = "<group>"; };
		32636D9A2C344B70000E029C /* CategoryColorView.swift */ = {isa = PBXFileReference; lastKnownFileType = sourcecode.swift; path = CategoryColorView.swift; sourceTree = "<group>"; };
		32636D9E2C345A5A000E029C /* CategoryCell.swift */ = {isa = PBXFileReference; lastKnownFileType = sourcecode.swift; path = CategoryCell.swift; sourceTree = "<group>"; };
		32636DA02C346522000E029C /* Category+Main.swift */ = {isa = PBXFileReference; lastKnownFileType = sourcecode.swift; path = "Category+Main.swift"; sourceTree = "<group>"; };
		32636DA32C34811A000E029C /* CalendarListHeader.swift */ = {isa = PBXFileReference; lastKnownFileType = sourcecode.swift; path = CalendarListHeader.swift; sourceTree = "<group>"; };
		327418CB2C206965009C8B93 /* ToDoItemTest.swift */ = {isa = PBXFileReference; lastKnownFileType = sourcecode.swift; path = ToDoItemTest.swift; sourceTree = "<group>"; };
		327C4D792C2B1AA50074933B /* EnabledDisabledButtonStyle.swift */ = {isa = PBXFileReference; lastKnownFileType = sourcecode.swift; path = EnabledDisabledButtonStyle.swift; sourceTree = "<group>"; };
		327C4D7B2C2B23F60074933B /* AddNewItemButton.swift */ = {isa = PBXFileReference; lastKnownFileType = sourcecode.swift; path = AddNewItemButton.swift; sourceTree = "<group>"; };
		327C4D7D2C2B5C250074933B /* DateToString.swift */ = {isa = PBXFileReference; lastKnownFileType = sourcecode.swift; path = DateToString.swift; sourceTree = "<group>"; };
		327C4D7F2C2B5EB70074933B /* DateFormat.swift */ = {isa = PBXFileReference; lastKnownFileType = sourcecode.swift; path = DateFormat.swift; sourceTree = "<group>"; };
		327C4D812C2B769C0074933B /* SuccessButton.swift */ = {isa = PBXFileReference; lastKnownFileType = sourcecode.swift; path = SuccessButton.swift; sourceTree = "<group>"; };
		327C4D832C2B777C0074933B /* InfoButton.swift */ = {isa = PBXFileReference; lastKnownFileType = sourcecode.swift; path = InfoButton.swift; sourceTree = "<group>"; };
		327C4D852C2B78D60074933B /* DeleteButton.swift */ = {isa = PBXFileReference; lastKnownFileType = sourcecode.swift; path = DeleteButton.swift; sourceTree = "<group>"; };
		327C4D872C2B815C0074933B /* ToDoItem+Init.swift */ = {isa = PBXFileReference; lastKnownFileType = sourcecode.swift; path = "ToDoItem+Init.swift"; sourceTree = "<group>"; };
		327C9A722C2EDD0700F8AA77 /* Importance+Comparable.swift */ = {isa = PBXFileReference; lastKnownFileType = sourcecode.swift; path = "Importance+Comparable.swift"; sourceTree = "<group>"; };
		327C9A762C2F6E2200F8AA77 /* GrayShadesColorPicker.swift */ = {isa = PBXFileReference; lastKnownFileType = sourcecode.swift; path = GrayShadesColorPicker.swift; sourceTree = "<group>"; };
		328605AC2C34892800CA9C3F /* Date+Components.swift */ = {isa = PBXFileReference; lastKnownFileType = sourcecode.swift; path = "Date+Components.swift"; sourceTree = "<group>"; };
		32894D272C31E5C700773549 /* UseAutoLayout.swift */ = {isa = PBXFileReference; lastKnownFileType = sourcecode.swift; path = UseAutoLayout.swift; sourceTree = "<group>"; };
		32894D2B2C31E63000773549 /* ViewController.swift */ = {isa = PBXFileReference; lastKnownFileType = sourcecode.swift; path = ViewController.swift; sourceTree = "<group>"; };
		32894D2D2C31E68700773549 /* UIView+Style.swift */ = {isa = PBXFileReference; lastKnownFileType = sourcecode.swift; path = "UIView+Style.swift"; sourceTree = "<group>"; };
		32894D2F2C31E85200773549 /* UIView+PinnedSubview.swift */ = {isa = PBXFileReference; lastKnownFileType = sourcecode.swift; path = "UIView+PinnedSubview.swift"; sourceTree = "<group>"; };
		32894D352C31E8BF00773549 /* CalendarItemListView.swift */ = {isa = PBXFileReference; lastKnownFileType = sourcecode.swift; path = CalendarItemListView.swift; sourceTree = "<group>"; };
		32894D382C31E9EA00773549 /* Color+UIColor.swift */ = {isa = PBXFileReference; lastKnownFileType = sourcecode.swift; path = "Color+UIColor.swift"; sourceTree = "<group>"; };
		32894D3A2C31EC0F00773549 /* CalendarItemListViewController.swift */ = {isa = PBXFileReference; lastKnownFileType = sourcecode.swift; path = CalendarItemListViewController.swift; sourceTree = "<group>"; };
		32894D3C2C31ED3F00773549 /* CalendarItemListViewModel.swift */ = {isa = PBXFileReference; lastKnownFileType = sourcecode.swift; path = CalendarItemListViewModel.swift; sourceTree = "<group>"; };
		32894D3F2C31F0F600773549 /* CalendarListView.swift */ = {isa = PBXFileReference; lastKnownFileType = sourcecode.swift; path = CalendarListView.swift; sourceTree = "<group>"; };
		32894D422C32075E00773549 /* CalendarItemListViewModel+TableSection.swift */ = {isa = PBXFileReference; lastKnownFileType = sourcecode.swift; path = "CalendarItemListViewModel+TableSection.swift"; sourceTree = "<group>"; };
		32894D442C320DD900773549 /* UITableViewDiffableDataSource+ApplySnapshot.swift */ = {isa = PBXFileReference; lastKnownFileType = sourcecode.swift; path = "UITableViewDiffableDataSource+ApplySnapshot.swift"; sourceTree = "<group>"; };
		32894D462C32111A00773549 /* CalendarItemViewController+TableDataSource.swift */ = {isa = PBXFileReference; lastKnownFileType = sourcecode.swift; path = "CalendarItemViewController+TableDataSource.swift"; sourceTree = "<group>"; };
		3296AA102C36BAB50068A910 /* Category+JSON.swift */ = {isa = PBXFileReference; lastKnownFileType = sourcecode.swift; path = "Category+JSON.swift"; sourceTree = "<group>"; };
		329D160B2C2D8A2800C5EC76 /* ItemColorCell.swift */ = {isa = PBXFileReference; lastKnownFileType = sourcecode.swift; path = ItemColorCell.swift; sourceTree = "<group>"; };
		329D35C92C2C907D00036905 /* PaletteColorPicker.swift */ = {isa = PBXFileReference; lastKnownFileType = sourcecode.swift; path = PaletteColorPicker.swift; sourceTree = "<group>"; };
		329D35CB2C2C90D700036905 /* ShapeStyle+ColorPickerGradient.swift */ = {isa = PBXFileReference; lastKnownFileType = sourcecode.swift; path = "ShapeStyle+ColorPickerGradient.swift"; sourceTree = "<group>"; };
		329D35CD2C2CA21200036905 /* ItemColorView.swift */ = {isa = PBXFileReference; lastKnownFileType = sourcecode.swift; path = ItemColorView.swift; sourceTree = "<group>"; };
		329D35D02C2CA50200036905 /* ColorPeakerHeader.swift */ = {isa = PBXFileReference; lastKnownFileType = sourcecode.swift; path = ColorPeakerHeader.swift; sourceTree = "<group>"; };
		329D35D62C2CD0D300036905 /* GradientRing.swift */ = {isa = PBXFileReference; lastKnownFileType = sourcecode.swift; path = GradientRing.swift; sourceTree = "<group>"; };
		329D35D82C2CE5BD00036905 /* UIColor+HexString.swift */ = {isa = PBXFileReference; lastKnownFileType = sourcecode.swift; path = "UIColor+HexString.swift"; sourceTree = "<group>"; };
		329D35DA2C2CE90600036905 /* Color+Hex.swift */ = {isa = PBXFileReference; lastKnownFileType = sourcecode.swift; path = "Color+Hex.swift"; sourceTree = "<group>"; };
		32C66C2E2C1F4B70002AE2BA /* ToDoItem+Order.swift */ = {isa = PBXFileReference; lastKnownFileType = sourcecode.swift; path = "ToDoItem+Order.swift"; sourceTree = "<group>"; };
		32E767562C2784F2009F5B1C /* DeadlineCell.swift */ = {isa = PBXFileReference; lastKnownFileType = sourcecode.swift; path = DeadlineCell.swift; sourceTree = "<group>"; };
		32E767592C2792E0009F5B1C /* TextFieldCell.swift */ = {isa = PBXFileReference; lastKnownFileType = sourcecode.swift; path = TextFieldCell.swift; sourceTree = "<group>"; };
		32E7675D2C279B84009F5B1C /* RowSeparatorTrailingPadding.swift */ = {isa = PBXFileReference; lastKnownFileType = sourcecode.swift; path = RowSeparatorTrailingPadding.swift; sourceTree = "<group>"; };
/* End PBXFileReference section */

/* Begin PBXFrameworksBuildPhase section */
		324902E32C1E2CE500068B12 /* Frameworks */ = {
			isa = PBXFrameworksBuildPhase;
			buildActionMask = 2147483647;
			files = (
			);
			runOnlyForDeploymentPostprocessing = 0;
		};
		324902F32C1E2CE900068B12 /* Frameworks */ = {
			isa = PBXFrameworksBuildPhase;
			buildActionMask = 2147483647;
			files = (
			);
			runOnlyForDeploymentPostprocessing = 0;
		};
		324902FD2C1E2CE900068B12 /* Frameworks */ = {
			isa = PBXFrameworksBuildPhase;
			buildActionMask = 2147483647;
			files = (
			);
			runOnlyForDeploymentPostprocessing = 0;
		};
/* End PBXFrameworksBuildPhase section */

/* Begin PBXGroup section */
		320716842C2851BD000C66CC /* Cells */ = {
			isa = PBXGroup;
			children = (
				320716862C28537B000C66CC /* ItemCell.swift */,
				3262DA592C28E11C0031488B /* NewItemCell.swift */,
			);
			path = Cells;
			sourceTree = "<group>";
		};
		320716852C2851C2000C66CC /* SupplementaryViews */ = {
			isa = PBXGroup;
			children = (
				3242D3092C27146D00905FA7 /* ListHeaderView.swift */,
			);
			path = SupplementaryViews;
			sourceTree = "<group>";
		};
		323A70D22C358FA000ECB9DB /* NewCategoryModule */ = {
			isa = PBXGroup;
			children = (
				323A70D52C358FB600ECB9DB /* ViewModels */,
				323A70D42C358FB000ECB9DB /* Controllers */,
				323A70D32C358FAB00ECB9DB /* Views */,
			);
			path = NewCategoryModule;
			sourceTree = "<group>";
		};
		323A70D32C358FAB00ECB9DB /* Views */ = {
			isa = PBXGroup;
			children = (
				323A70D82C359AEB00ECB9DB /* NewCategoryView.swift */,
			);
			path = Views;
			sourceTree = "<group>";
		};
		323A70D42C358FB000ECB9DB /* Controllers */ = {
			isa = PBXGroup;
			children = (
				323A70D62C359AA500ECB9DB /* NewCategoryViewController.swift */,
			);
			path = Controllers;
			sourceTree = "<group>";
		};
		323A70D52C358FB600ECB9DB /* ViewModels */ = {
			isa = PBXGroup;
			children = (
				323A70DA2C359B4D00ECB9DB /* NewCategoryViewModel.swift */,
			);
			path = ViewModels;
			sourceTree = "<group>";
		};
		3242D3072C27135E00905FA7 /* Views */ = {
			isa = PBXGroup;
			children = (
				324902EB2C1E2CE500068B12 /* ItemsListView.swift */,
				320716842C2851BD000C66CC /* Cells */,
				320716852C2851C2000C66CC /* SupplementaryViews */,
			);
			path = Views;
			sourceTree = "<group>";
		};
		3242D3082C27136800905FA7 /* Views */ = {
			isa = PBXGroup;
			children = (
				320B2D782C27337C009C9063 /* ItemDetailView.swift */,
				329D35CD2C2CA21200036905 /* ItemColorView.swift */,
				32E767582C2786D9009F5B1C /* Cells */,
				32E7675B2C2799C6009F5B1C /* SupplementaryViews */,
			);
			path = Views;
			sourceTree = "<group>";
		};
		324902DD2C1E2CE500068B12 = {
			isa = PBXGroup;
			children = (
				324902E82C1E2CE500068B12 /* ToDoList */,
				324902F92C1E2CE900068B12 /* ToDoListTests */,
				324903032C1E2CE900068B12 /* ToDoListUITests */,
				324902E72C1E2CE500068B12 /* Products */,
			);
			sourceTree = "<group>";
		};
		324902E72C1E2CE500068B12 /* Products */ = {
			isa = PBXGroup;
			children = (
				324902E62C1E2CE500068B12 /* ToDoList.app */,
				324902F62C1E2CE900068B12 /* ToDoListTests.xctest */,
				324903002C1E2CE900068B12 /* ToDoListUITests.xctest */,
			);
			name = Products;
			sourceTree = "<group>";
		};
		324902E82C1E2CE500068B12 /* ToDoList */ = {
			isa = PBXGroup;
			children = (
				32636D912C332F3D000E029C /* Modules */,
				324903152C1E2DF200068B12 /* Models */,
				324903272C1E475600068B12 /* Managers */,
				324903162C1E2DF800068B12 /* Constants */,
				3249031E2C1E3AB900068B12 /* Extensions */,
				329D35C82C2C900600036905 /* UIComponents */,
				32894D262C31E5A900773549 /* Utils */,
				324903172C1E2E1E00068B12 /* Resources */,
				324903132C1E2D8100068B12 /* Application */,
			);
			path = ToDoList;
			sourceTree = "<group>";
		};
		324902EF2C1E2CE800068B12 /* Preview Content */ = {
			isa = PBXGroup;
			children = (
				324902F02C1E2CE800068B12 /* Preview Assets.xcassets */,
			);
			path = "Preview Content";
			sourceTree = "<group>";
		};
		324902F92C1E2CE900068B12 /* ToDoListTests */ = {
			isa = PBXGroup;
			children = (
				327418CB2C206965009C8B93 /* ToDoItemTest.swift */,
			);
			path = ToDoListTests;
			sourceTree = "<group>";
		};
		324903032C1E2CE900068B12 /* ToDoListUITests */ = {
			isa = PBXGroup;
			children = (
				324903042C1E2CE900068B12 /* ToDoListUITests.swift */,
				324903062C1E2CE900068B12 /* ToDoListUITestsLaunchTests.swift */,
			);
			path = ToDoListUITests;
			sourceTree = "<group>";
		};
		324903132C1E2D8100068B12 /* Application */ = {
			isa = PBXGroup;
			children = (
				324902E92C1E2CE500068B12 /* ToDoListApp.swift */,
			);
			path = Application;
			sourceTree = "<group>";
		};
		324903152C1E2DF200068B12 /* Models */ = {
			isa = PBXGroup;
			children = (
				324903212C1E44AE00068B12 /* ToDoItem.swift */,
			);
			path = Models;
			sourceTree = "<group>";
		};
		324903162C1E2DF800068B12 /* Constants */ = {
			isa = PBXGroup;
			children = (
				324903232C1E44C700068B12 /* Constants.swift */,
			);
			path = Constants;
			sourceTree = "<group>";
		};
		324903172C1E2E1E00068B12 /* Resources */ = {
			isa = PBXGroup;
			children = (
				320B2D762C272D91009C9063 /* AppFont.swift */,
				320B2D842C2751E9009C9063 /* Images.swift */,
				320B2D742C271BF1009C9063 /* Theme.swift */,
				327C4D7F2C2B5EB70074933B /* DateFormat.swift */,
				324902EF2C1E2CE800068B12 /* Preview Content */,
				3249032D2C1E53B700068B12 /* Info.plist */,
				324902ED2C1E2CE800068B12 /* Assets.xcassets */,
			);
			path = Resources;
			sourceTree = "<group>";
		};
		3249031E2C1E3AB900068B12 /* Extensions */ = {
			isa = PBXGroup;
			children = (
				3296AA142C36BE970068A910 /* Utils */,
				3296AA132C36BE750068A910 /* UI */,
				3296AA122C36BE410068A910 /* Models */,
			);
			path = Extensions;
			sourceTree = "<group>";
		};
		324903272C1E475600068B12 /* Managers */ = {
			isa = PBXGroup;
			children = (
				324903282C1E476D00068B12 /* FileCache.swift */,
				32636D982C341C49000E029C /* CategoryStore.swift */,
			);
			path = Managers;
			sourceTree = "<group>";
		};
		32636D8D2C332AB0000E029C /* ItemsListModule */ = {
			isa = PBXGroup;
			children = (
				32636D902C332B9A000E029C /* ViewModels */,
				3242D3072C27135E00905FA7 /* Views */,
			);
			path = ItemsListModule;
			sourceTree = "<group>";
		};
		32636D8E2C332ABE000E029C /* ItemDetailModule */ = {
			isa = PBXGroup;
			children = (
				32636D8F2C332B82000E029C /* ViewModels */,
				3242D3082C27136800905FA7 /* Views */,
			);
			path = ItemDetailModule;
			sourceTree = "<group>";
		};
		32636D8F2C332B82000E029C /* ViewModels */ = {
			isa = PBXGroup;
			children = (
				3262DA5F2C28FA050031488B /* ItemDetailViewModel.swift */,
			);
			path = ViewModels;
			sourceTree = "<group>";
		};
		32636D902C332B9A000E029C /* ViewModels */ = {
			isa = PBXGroup;
			children = (
				3262DA5D2C28F2720031488B /* ItemsListViewModel.swift */,
			);
			path = ViewModels;
			sourceTree = "<group>";
		};
		32636D912C332F3D000E029C /* Modules */ = {
			isa = PBXGroup;
			children = (
				32636D8D2C332AB0000E029C /* ItemsListModule */,
				32636D8E2C332ABE000E029C /* ItemDetailModule */,
				32894D252C31E4D700773549 /* CalendarListModule */,
				323A70D22C358FA000ECB9DB /* NewCategoryModule */,
			);
			path = Modules;
			sourceTree = "<group>";
		};
		32636DA22C3480F5000E029C /* SupplementaryViews */ = {
			isa = PBXGroup;
			children = (
				32636DA32C34811A000E029C /* CalendarListHeader.swift */,
				323A70D02C357CF900ECB9DB /* RoundPlusButton.swift */,
			);
			path = SupplementaryViews;
			sourceTree = "<group>";
		};
		327C4D782C2B1A800074933B /* Styles */ = {
			isa = PBXGroup;
			children = (
				327C4D792C2B1AA50074933B /* EnabledDisabledButtonStyle.swift */,
			);
			path = Styles;
			sourceTree = "<group>";
		};
		327C9A782C2F785000F8AA77 /* ColorPicker */ = {
			isa = PBXGroup;
			children = (
				329D35C92C2C907D00036905 /* PaletteColorPicker.swift */,
				329D35D02C2CA50200036905 /* ColorPeakerHeader.swift */,
				327C9A762C2F6E2200F8AA77 /* GrayShadesColorPicker.swift */,
			);
			path = ColorPicker;
			sourceTree = "<group>";
		};
		32894D252C31E4D700773549 /* CalendarListModule */ = {
			isa = PBXGroup;
			children = (
				32894D412C31FD6600773549 /* DataSource */,
				32894D312C31E88700773549 /* Controllers */,
				32894D322C31E88E00773549 /* Views */,
				32894D332C31E89300773549 /* ViewModels */,
				32894D342C31E89900773549 /* Cells */,
				32636DA22C3480F5000E029C /* SupplementaryViews */,
			);
			path = CalendarListModule;
			sourceTree = "<group>";
		};
		32894D262C31E5A900773549 /* Utils */ = {
			isa = PBXGroup;
			children = (
				32894D272C31E5C700773549 /* UseAutoLayout.swift */,
			);
			path = Utils;
			sourceTree = "<group>";
		};
		32894D292C31E5E600773549 /* Coltrollers */ = {
			isa = PBXGroup;
			children = (
				32894D2B2C31E63000773549 /* ViewController.swift */,
			);
			path = Coltrollers;
			sourceTree = "<group>";
		};
		32894D2A2C31E5FD00773549 /* Buttons */ = {
			isa = PBXGroup;
			children = (
				327C4D852C2B78D60074933B /* DeleteButton.swift */,
				327C4D812C2B769C0074933B /* SuccessButton.swift */,
				327C4D7B2C2B23F60074933B /* AddNewItemButton.swift */,
				327C4D832C2B777C0074933B /* InfoButton.swift */,
			);
			path = Buttons;
			sourceTree = "<group>";
		};
		32894D312C31E88700773549 /* Controllers */ = {
			isa = PBXGroup;
			children = (
				32894D3A2C31EC0F00773549 /* CalendarItemListViewController.swift */,
			);
			path = Controllers;
			sourceTree = "<group>";
		};
		32894D322C31E88E00773549 /* Views */ = {
			isa = PBXGroup;
			children = (
				32894D3F2C31F0F600773549 /* CalendarListView.swift */,
				32894D352C31E8BF00773549 /* CalendarItemListView.swift */,
			);
			path = Views;
			sourceTree = "<group>";
		};
		32894D332C31E89300773549 /* ViewModels */ = {
			isa = PBXGroup;
			children = (
				32894D3C2C31ED3F00773549 /* CalendarItemListViewModel.swift */,
			);
			path = ViewModels;
			sourceTree = "<group>";
		};
		32894D342C31E89900773549 /* Cells */ = {
			isa = PBXGroup;
			children = (
				32636D892C32E108000E029C /* DeadlineDateCell.swift */,
				32636D8B2C32E4BD000E029C /* OtherDeadlineCell.swift */,
				32636D922C341A6B000E029C /* CalendarItemCell.swift */,
			);
			path = Cells;
			sourceTree = "<group>";
		};
		32894D412C31FD6600773549 /* DataSource */ = {
			isa = PBXGroup;
			children = (
				32894D422C32075E00773549 /* CalendarItemListViewModel+TableSection.swift */,
				32636D872C32D820000E029C /* CalendarListViewController+CollectionSection.swift */,
				32894D462C32111A00773549 /* CalendarItemViewController+TableDataSource.swift */,
				32636D852C32D6BD000E029C /* CalendarListViewController+CollectionViewDataSource.swift */,
			);
			path = DataSource;
			sourceTree = "<group>";
		};
		3296AA122C36BE410068A910 /* Models */ = {
			isa = PBXGroup;
			children = (
				320B2D802C274E35009C9063 /* Importance+Title.swift */,
				327C4D872C2B815C0074933B /* ToDoItem+Init.swift */,
				3262DA612C29031F0031488B /* ToDoItem+NewItem.swift */,
				327C9A722C2EDD0700F8AA77 /* Importance+Comparable.swift */,
				32636DA02C346522000E029C /* Category+Main.swift */,
				320B2D822C274E86009C9063 /* Importance+Image.swift */,
				3296AA102C36BAB50068A910 /* Category+JSON.swift */,
				32376D612C2463BA00BCBC99 /* ToDoItem+Index.swift */,
				32C66C2E2C1F4B70002AE2BA /* ToDoItem+Order.swift */,
			);
			path = Models;
			sourceTree = "<group>";
		};
		3296AA132C36BE750068A910 /* UI */ = {
			isa = PBXGroup;
			children = (
				329D35DA2C2CE90600036905 /* Color+Hex.swift */,
				32894D382C31E9EA00773549 /* Color+UIColor.swift */,
				32894D2F2C31E85200773549 /* UIView+PinnedSubview.swift */,
				329D35CB2C2C90D700036905 /* ShapeStyle+ColorPickerGradient.swift */,
				32894D2D2C31E68700773549 /* UIView+Style.swift */,
				329D35D82C2CE5BD00036905 /* UIColor+HexString.swift */,
			);
			path = UI;
			sourceTree = "<group>";
		};
		3296AA142C36BE970068A910 /* Utils */ = {
			isa = PBXGroup;
			children = (
				324903252C1E44E600068B12 /* String+Date.swift */,
				328605AC2C34892800CA9C3F /* Date+Components.swift */,
				327C4D7D2C2B5C250074933B /* DateToString.swift */,
				32894D442C320DD900773549 /* UITableViewDiffableDataSource+ApplySnapshot.swift */,
			);
			path = Utils;
			sourceTree = "<group>";
		};
		329D35C82C2C900600036905 /* UIComponents */ = {
			isa = PBXGroup;
			children = (
				32E7675C2C279B60009F5B1C /* Modifiers */,
				327C4D782C2B1A800074933B /* Styles */,
				32894D2A2C31E5FD00773549 /* Buttons */,
				32894D292C31E5E600773549 /* Coltrollers */,
				327C9A782C2F785000F8AA77 /* ColorPicker */,
				329D35D62C2CD0D300036905 /* GradientRing.swift */,
				32636D9A2C344B70000E029C /* CategoryColorView.swift */,
			);
			path = UIComponents;
			sourceTree = "<group>";
		};
		32E767582C2786D9009F5B1C /* Cells */ = {
			isa = PBXGroup;
			children = (
				320B2D7C2C274A17009C9063 /* ImportanceCell.swift */,
				32E767562C2784F2009F5B1C /* DeadlineCell.swift */,
				32E767592C2792E0009F5B1C /* TextFieldCell.swift */,
				329D160B2C2D8A2800C5EC76 /* ItemColorCell.swift */,
				32636D9E2C345A5A000E029C /* CategoryCell.swift */,
			);
			path = Cells;
			sourceTree = "<group>";
		};
		32E7675B2C2799C6009F5B1C /* SupplementaryViews */ = {
			isa = PBXGroup;
			children = (
				320B2D7E2C274ADA009C9063 /* ImportancePicker.swift */,
			);
			path = SupplementaryViews;
			sourceTree = "<group>";
		};
		32E7675C2C279B60009F5B1C /* Modifiers */ = {
			isa = PBXGroup;
			children = (
				32E7675D2C279B84009F5B1C /* RowSeparatorTrailingPadding.swift */,
				32392FE12C2A2E550078030C /* RowSepatatorLeadingPadding.swift */,
			);
			path = Modifiers;
			sourceTree = "<group>";
		};
/* End PBXGroup section */

/* Begin PBXNativeTarget section */
		324902E52C1E2CE500068B12 /* ToDoList */ = {
			isa = PBXNativeTarget;
			buildConfigurationList = 3249030A2C1E2CE900068B12 /* Build configuration list for PBXNativeTarget "ToDoList" */;
			buildPhases = (
				324902E22C1E2CE500068B12 /* Sources */,
				324902E32C1E2CE500068B12 /* Frameworks */,
				324902E42C1E2CE500068B12 /* Resources */,
			);
			buildRules = (
			);
			dependencies = (
			);
			name = ToDoList;
			productName = ToDoList;
			productReference = 324902E62C1E2CE500068B12 /* ToDoList.app */;
			productType = "com.apple.product-type.application";
		};
		324902F52C1E2CE900068B12 /* ToDoListTests */ = {
			isa = PBXNativeTarget;
			buildConfigurationList = 3249030D2C1E2CE900068B12 /* Build configuration list for PBXNativeTarget "ToDoListTests" */;
			buildPhases = (
				324902F22C1E2CE900068B12 /* Sources */,
				324902F32C1E2CE900068B12 /* Frameworks */,
				324902F42C1E2CE900068B12 /* Resources */,
			);
			buildRules = (
			);
			dependencies = (
				324902F82C1E2CE900068B12 /* PBXTargetDependency */,
			);
			name = ToDoListTests;
			productName = ToDoListTests;
			productReference = 324902F62C1E2CE900068B12 /* ToDoListTests.xctest */;
			productType = "com.apple.product-type.bundle.unit-test";
		};
		324902FF2C1E2CE900068B12 /* ToDoListUITests */ = {
			isa = PBXNativeTarget;
			buildConfigurationList = 324903102C1E2CE900068B12 /* Build configuration list for PBXNativeTarget "ToDoListUITests" */;
			buildPhases = (
				324902FC2C1E2CE900068B12 /* Sources */,
				324902FD2C1E2CE900068B12 /* Frameworks */,
				324902FE2C1E2CE900068B12 /* Resources */,
			);
			buildRules = (
			);
			dependencies = (
				324903022C1E2CE900068B12 /* PBXTargetDependency */,
			);
			name = ToDoListUITests;
			productName = ToDoListUITests;
			productReference = 324903002C1E2CE900068B12 /* ToDoListUITests.xctest */;
			productType = "com.apple.product-type.bundle.ui-testing";
		};
/* End PBXNativeTarget section */

/* Begin PBXProject section */
		324902DE2C1E2CE500068B12 /* Project object */ = {
			isa = PBXProject;
			attributes = {
				BuildIndependentTargetsInParallel = 1;
				LastSwiftUpdateCheck = 1420;
				LastUpgradeCheck = 1420;
				TargetAttributes = {
					324902E52C1E2CE500068B12 = {
						CreatedOnToolsVersion = 14.2;
					};
					324902F52C1E2CE900068B12 = {
						CreatedOnToolsVersion = 14.2;
						TestTargetID = 324902E52C1E2CE500068B12;
					};
					324902FF2C1E2CE900068B12 = {
						CreatedOnToolsVersion = 14.2;
						TestTargetID = 324902E52C1E2CE500068B12;
					};
				};
			};
			buildConfigurationList = 324902E12C1E2CE500068B12 /* Build configuration list for PBXProject "ToDoList" */;
			compatibilityVersion = "Xcode 14.0";
			developmentRegion = en;
			hasScannedForEncodings = 0;
			knownRegions = (
				en,
				Base,
			);
			mainGroup = 324902DD2C1E2CE500068B12;
			productRefGroup = 324902E72C1E2CE500068B12 /* Products */;
			projectDirPath = "";
			projectRoot = "";
			targets = (
				324902E52C1E2CE500068B12 /* ToDoList */,
				324902F52C1E2CE900068B12 /* ToDoListTests */,
				324902FF2C1E2CE900068B12 /* ToDoListUITests */,
			);
		};
/* End PBXProject section */

/* Begin PBXResourcesBuildPhase section */
		324902E42C1E2CE500068B12 /* Resources */ = {
			isa = PBXResourcesBuildPhase;
			buildActionMask = 2147483647;
			files = (
				324902F12C1E2CE800068B12 /* Preview Assets.xcassets in Resources */,
				324902EE2C1E2CE800068B12 /* Assets.xcassets in Resources */,
			);
			runOnlyForDeploymentPostprocessing = 0;
		};
		324902F42C1E2CE900068B12 /* Resources */ = {
			isa = PBXResourcesBuildPhase;
			buildActionMask = 2147483647;
			files = (
			);
			runOnlyForDeploymentPostprocessing = 0;
		};
		324902FE2C1E2CE900068B12 /* Resources */ = {
			isa = PBXResourcesBuildPhase;
			buildActionMask = 2147483647;
			files = (
			);
			runOnlyForDeploymentPostprocessing = 0;
		};
/* End PBXResourcesBuildPhase section */

/* Begin PBXSourcesBuildPhase section */
		324902E22C1E2CE500068B12 /* Sources */ = {
			isa = PBXSourcesBuildPhase;
			buildActionMask = 2147483647;
			files = (
				320B2D812C274E35009C9063 /* Importance+Title.swift in Sources */,
				327C4D7E2C2B5C250074933B /* DateToString.swift in Sources */,
				32894D3B2C31EC0F00773549 /* CalendarItemListViewController.swift in Sources */,
				324903262C1E44E600068B12 /* String+Date.swift in Sources */,
				327C4D822C2B769C0074933B /* SuccessButton.swift in Sources */,
				327C4D7A2C2B1AA50074933B /* EnabledDisabledButtonStyle.swift in Sources */,
				327C4D842C2B777C0074933B /* InfoButton.swift in Sources */,
				32636D9F2C345A5A000E029C /* CategoryCell.swift in Sources */,
				329D35DB2C2CE90600036905 /* Color+Hex.swift in Sources */,
				329D35D92C2CE5BD00036905 /* UIColor+HexString.swift in Sources */,
				32894D432C32075E00773549 /* CalendarItemListViewModel+TableSection.swift in Sources */,
				327C4D7C2C2B23F60074933B /* AddNewItemButton.swift in Sources */,
				327C4D802C2B5EB70074933B /* DateFormat.swift in Sources */,
				329D35D12C2CA50200036905 /* ColorPeakerHeader.swift in Sources */,
				32376D622C2463BA00BCBC99 /* ToDoItem+Index.swift in Sources */,
				32894D302C31E85200773549 /* UIView+PinnedSubview.swift in Sources */,
				324902EC2C1E2CE500068B12 /* ItemsListView.swift in Sources */,
				32894D282C31E5C700773549 /* UseAutoLayout.swift in Sources */,
				32636DA42C34811A000E029C /* CalendarListHeader.swift in Sources */,
				32E767572C2784F2009F5B1C /* DeadlineCell.swift in Sources */,
				3262DA5E2C28F2720031488B /* ItemsListViewModel.swift in Sources */,
				3262DA5A2C28E11C0031488B /* NewItemCell.swift in Sources */,
				328605AD2C34892800CA9C3F /* Date+Components.swift in Sources */,
				324902EA2C1E2CE500068B12 /* ToDoListApp.swift in Sources */,
				323A70DB2C359B4D00ECB9DB /* NewCategoryViewModel.swift in Sources */,
				320B2D7D2C274A17009C9063 /* ImportanceCell.swift in Sources */,
				32894D362C31E8BF00773549 /* CalendarItemListView.swift in Sources */,
				320B2D752C271BF1009C9063 /* Theme.swift in Sources */,
				32894D452C320DD900773549 /* UITableViewDiffableDataSource+ApplySnapshot.swift in Sources */,
				32C66C2F2C1F4B70002AE2BA /* ToDoItem+Order.swift in Sources */,
				32636DA12C346522000E029C /* Category+Main.swift in Sources */,
				32E7675E2C279B84009F5B1C /* RowSeparatorTrailingPadding.swift in Sources */,
				329D35D72C2CD0D300036905 /* GradientRing.swift in Sources */,
				324903222C1E44AE00068B12 /* ToDoItem.swift in Sources */,
				324903292C1E476D00068B12 /* FileCache.swift in Sources */,
				329D35CA2C2C907D00036905 /* PaletteColorPicker.swift in Sources */,
				320B2D772C272D91009C9063 /* AppFont.swift in Sources */,
				3242D30A2C27146E00905FA7 /* ListHeaderView.swift in Sources */,
				323A70D92C359AEB00ECB9DB /* NewCategoryView.swift in Sources */,
				32894D472C32111A00773549 /* CalendarItemViewController+TableDataSource.swift in Sources */,
				3262DA602C28FA060031488B /* ItemDetailViewModel.swift in Sources */,
				320716872C28537B000C66CC /* ItemCell.swift in Sources */,
				32894D2C2C31E63000773549 /* ViewController.swift in Sources */,
				327C4D862C2B78D60074933B /* DeleteButton.swift in Sources */,
				32894D2E2C31E68700773549 /* UIView+Style.swift in Sources */,
				3296AA112C36BAB50068A910 /* Category+JSON.swift in Sources */,
				327C9A732C2EDD0700F8AA77 /* Importance+Comparable.swift in Sources */,
				32636D862C32D6BD000E029C /* CalendarListViewController+CollectionViewDataSource.swift in Sources */,
				327C9A772C2F6E2200F8AA77 /* GrayShadesColorPicker.swift in Sources */,
				32636D9B2C344B70000E029C /* CategoryColorView.swift in Sources */,
				32392FE22C2A2E550078030C /* RowSepatatorLeadingPadding.swift in Sources */,
				329D160C2C2D8A2800C5EC76 /* ItemColorCell.swift in Sources */,
				320B2D792C27337C009C9063 /* ItemDetailView.swift in Sources */,
				32636D932C341A6B000E029C /* CalendarItemCell.swift in Sources */,
				329D35CC2C2C90D700036905 /* ShapeStyle+ColorPickerGradient.swift in Sources */,
				32636D882C32D820000E029C /* CalendarListViewController+CollectionSection.swift in Sources */,
				32894D392C31E9EA00773549 /* Color+UIColor.swift in Sources */,
				329D35CE2C2CA21200036905 /* ItemColorView.swift in Sources */,
				323A70D12C357CF900ECB9DB /* RoundPlusButton.swift in Sources */,
				320B2D852C2751E9009C9063 /* Images.swift in Sources */,
				32636D8C2C32E4BD000E029C /* OtherDeadlineCell.swift in Sources */,
				327C4D882C2B815C0074933B /* ToDoItem+Init.swift in Sources */,
				3262DA622C29031F0031488B /* ToDoItem+NewItem.swift in Sources */,
				320B2D832C274E86009C9063 /* Importance+Image.swift in Sources */,
				32636D992C341C49000E029C /* CategoryStore.swift in Sources */,
				324903242C1E44C700068B12 /* Constants.swift in Sources */,
				32636D8A2C32E108000E029C /* DeadlineDateCell.swift in Sources */,
				320B2D7F2C274ADA009C9063 /* ImportancePicker.swift in Sources */,
				32894D402C31F0F600773549 /* CalendarListView.swift in Sources */,
				323A70D72C359AA500ECB9DB /* NewCategoryViewController.swift in Sources */,
				32E7675A2C2792E0009F5B1C /* TextFieldCell.swift in Sources */,
				32894D3D2C31ED3F00773549 /* CalendarItemListViewModel.swift in Sources */,
			);
			runOnlyForDeploymentPostprocessing = 0;
		};
		324902F22C1E2CE900068B12 /* Sources */ = {
			isa = PBXSourcesBuildPhase;
			buildActionMask = 2147483647;
			files = (
				327418CC2C206965009C8B93 /* ToDoItemTest.swift in Sources */,
			);
			runOnlyForDeploymentPostprocessing = 0;
		};
		324902FC2C1E2CE900068B12 /* Sources */ = {
			isa = PBXSourcesBuildPhase;
			buildActionMask = 2147483647;
			files = (
				324903072C1E2CE900068B12 /* ToDoListUITestsLaunchTests.swift in Sources */,
				324903052C1E2CE900068B12 /* ToDoListUITests.swift in Sources */,
			);
			runOnlyForDeploymentPostprocessing = 0;
		};
/* End PBXSourcesBuildPhase section */

/* Begin PBXTargetDependency section */
		324902F82C1E2CE900068B12 /* PBXTargetDependency */ = {
			isa = PBXTargetDependency;
			target = 324902E52C1E2CE500068B12 /* ToDoList */;
			targetProxy = 324902F72C1E2CE900068B12 /* PBXContainerItemProxy */;
		};
		324903022C1E2CE900068B12 /* PBXTargetDependency */ = {
			isa = PBXTargetDependency;
			target = 324902E52C1E2CE500068B12 /* ToDoList */;
			targetProxy = 324903012C1E2CE900068B12 /* PBXContainerItemProxy */;
		};
/* End PBXTargetDependency section */

/* Begin XCBuildConfiguration section */
		324903082C1E2CE900068B12 /* Debug */ = {
			isa = XCBuildConfiguration;
			buildSettings = {
				ALWAYS_SEARCH_USER_PATHS = NO;
				CLANG_ANALYZER_NONNULL = YES;
				CLANG_ANALYZER_NUMBER_OBJECT_CONVERSION = YES_AGGRESSIVE;
				CLANG_CXX_LANGUAGE_STANDARD = "gnu++20";
				CLANG_ENABLE_MODULES = YES;
				CLANG_ENABLE_OBJC_ARC = YES;
				CLANG_ENABLE_OBJC_WEAK = YES;
				CLANG_WARN_BLOCK_CAPTURE_AUTORELEASING = YES;
				CLANG_WARN_BOOL_CONVERSION = YES;
				CLANG_WARN_COMMA = YES;
				CLANG_WARN_CONSTANT_CONVERSION = YES;
				CLANG_WARN_DEPRECATED_OBJC_IMPLEMENTATIONS = YES;
				CLANG_WARN_DIRECT_OBJC_ISA_USAGE = YES_ERROR;
				CLANG_WARN_DOCUMENTATION_COMMENTS = YES;
				CLANG_WARN_EMPTY_BODY = YES;
				CLANG_WARN_ENUM_CONVERSION = YES;
				CLANG_WARN_INFINITE_RECURSION = YES;
				CLANG_WARN_INT_CONVERSION = YES;
				CLANG_WARN_NON_LITERAL_NULL_CONVERSION = YES;
				CLANG_WARN_OBJC_IMPLICIT_RETAIN_SELF = YES;
				CLANG_WARN_OBJC_LITERAL_CONVERSION = YES;
				CLANG_WARN_OBJC_ROOT_CLASS = YES_ERROR;
				CLANG_WARN_QUOTED_INCLUDE_IN_FRAMEWORK_HEADER = YES;
				CLANG_WARN_RANGE_LOOP_ANALYSIS = YES;
				CLANG_WARN_STRICT_PROTOTYPES = YES;
				CLANG_WARN_SUSPICIOUS_MOVE = YES;
				CLANG_WARN_UNGUARDED_AVAILABILITY = YES_AGGRESSIVE;
				CLANG_WARN_UNREACHABLE_CODE = YES;
				CLANG_WARN__DUPLICATE_METHOD_MATCH = YES;
				COPY_PHASE_STRIP = NO;
				DEBUG_INFORMATION_FORMAT = dwarf;
				ENABLE_STRICT_OBJC_MSGSEND = YES;
				ENABLE_TESTABILITY = YES;
				GCC_C_LANGUAGE_STANDARD = gnu11;
				GCC_DYNAMIC_NO_PIC = NO;
				GCC_NO_COMMON_BLOCKS = YES;
				GCC_OPTIMIZATION_LEVEL = 0;
				GCC_PREPROCESSOR_DEFINITIONS = (
					"DEBUG=1",
					"$(inherited)",
				);
				GCC_WARN_64_TO_32_BIT_CONVERSION = YES;
				GCC_WARN_ABOUT_RETURN_TYPE = YES_ERROR;
				GCC_WARN_UNDECLARED_SELECTOR = YES;
				GCC_WARN_UNINITIALIZED_AUTOS = YES_AGGRESSIVE;
				GCC_WARN_UNUSED_FUNCTION = YES;
				GCC_WARN_UNUSED_VARIABLE = YES;
				IPHONEOS_DEPLOYMENT_TARGET = 16.0;
				MTL_ENABLE_DEBUG_INFO = INCLUDE_SOURCE;
				MTL_FAST_MATH = YES;
				ONLY_ACTIVE_ARCH = YES;
				SDKROOT = iphoneos;
				SWIFT_ACTIVE_COMPILATION_CONDITIONS = DEBUG;
				SWIFT_OPTIMIZATION_LEVEL = "-Onone";
			};
			name = Debug;
		};
		324903092C1E2CE900068B12 /* Release */ = {
			isa = XCBuildConfiguration;
			buildSettings = {
				ALWAYS_SEARCH_USER_PATHS = NO;
				CLANG_ANALYZER_NONNULL = YES;
				CLANG_ANALYZER_NUMBER_OBJECT_CONVERSION = YES_AGGRESSIVE;
				CLANG_CXX_LANGUAGE_STANDARD = "gnu++20";
				CLANG_ENABLE_MODULES = YES;
				CLANG_ENABLE_OBJC_ARC = YES;
				CLANG_ENABLE_OBJC_WEAK = YES;
				CLANG_WARN_BLOCK_CAPTURE_AUTORELEASING = YES;
				CLANG_WARN_BOOL_CONVERSION = YES;
				CLANG_WARN_COMMA = YES;
				CLANG_WARN_CONSTANT_CONVERSION = YES;
				CLANG_WARN_DEPRECATED_OBJC_IMPLEMENTATIONS = YES;
				CLANG_WARN_DIRECT_OBJC_ISA_USAGE = YES_ERROR;
				CLANG_WARN_DOCUMENTATION_COMMENTS = YES;
				CLANG_WARN_EMPTY_BODY = YES;
				CLANG_WARN_ENUM_CONVERSION = YES;
				CLANG_WARN_INFINITE_RECURSION = YES;
				CLANG_WARN_INT_CONVERSION = YES;
				CLANG_WARN_NON_LITERAL_NULL_CONVERSION = YES;
				CLANG_WARN_OBJC_IMPLICIT_RETAIN_SELF = YES;
				CLANG_WARN_OBJC_LITERAL_CONVERSION = YES;
				CLANG_WARN_OBJC_ROOT_CLASS = YES_ERROR;
				CLANG_WARN_QUOTED_INCLUDE_IN_FRAMEWORK_HEADER = YES;
				CLANG_WARN_RANGE_LOOP_ANALYSIS = YES;
				CLANG_WARN_STRICT_PROTOTYPES = YES;
				CLANG_WARN_SUSPICIOUS_MOVE = YES;
				CLANG_WARN_UNGUARDED_AVAILABILITY = YES_AGGRESSIVE;
				CLANG_WARN_UNREACHABLE_CODE = YES;
				CLANG_WARN__DUPLICATE_METHOD_MATCH = YES;
				COPY_PHASE_STRIP = NO;
				DEBUG_INFORMATION_FORMAT = "dwarf-with-dsym";
				ENABLE_NS_ASSERTIONS = NO;
				ENABLE_STRICT_OBJC_MSGSEND = YES;
				GCC_C_LANGUAGE_STANDARD = gnu11;
				GCC_NO_COMMON_BLOCKS = YES;
				GCC_WARN_64_TO_32_BIT_CONVERSION = YES;
				GCC_WARN_ABOUT_RETURN_TYPE = YES_ERROR;
				GCC_WARN_UNDECLARED_SELECTOR = YES;
				GCC_WARN_UNINITIALIZED_AUTOS = YES_AGGRESSIVE;
				GCC_WARN_UNUSED_FUNCTION = YES;
				GCC_WARN_UNUSED_VARIABLE = YES;
				IPHONEOS_DEPLOYMENT_TARGET = 16.0;
				MTL_ENABLE_DEBUG_INFO = NO;
				MTL_FAST_MATH = YES;
				SDKROOT = iphoneos;
				SWIFT_COMPILATION_MODE = wholemodule;
				SWIFT_OPTIMIZATION_LEVEL = "-O";
				VALIDATE_PRODUCT = YES;
			};
			name = Release;
		};
		3249030B2C1E2CE900068B12 /* Debug */ = {
			isa = XCBuildConfiguration;
			buildSettings = {
				ASSETCATALOG_COMPILER_APPICON_NAME = AppIcon;
				ASSETCATALOG_COMPILER_GLOBAL_ACCENT_COLOR_NAME = AccentColor;
				CODE_SIGN_STYLE = Automatic;
				CURRENT_PROJECT_VERSION = 1;
				DEVELOPMENT_ASSET_PATHS = "\"ToDoList/Resources/Preview Content\"";
				DEVELOPMENT_TEAM = 4A3Z74ZVFC;
				ENABLE_PREVIEWS = YES;
				GENERATE_INFOPLIST_FILE = YES;
				INFOPLIST_FILE = ToDoList/Resources/Info.plist;
				INFOPLIST_KEY_UIApplicationSupportsIndirectInputEvents = YES;
				INFOPLIST_KEY_UILaunchScreen_Generation = YES;
				INFOPLIST_KEY_UISupportedInterfaceOrientations_iPad = "UIInterfaceOrientationPortrait UIInterfaceOrientationPortraitUpsideDown UIInterfaceOrientationLandscapeLeft UIInterfaceOrientationLandscapeRight";
				INFOPLIST_KEY_UISupportedInterfaceOrientations_iPhone = "UIInterfaceOrientationPortrait UIInterfaceOrientationLandscapeLeft UIInterfaceOrientationLandscapeRight";
				LD_RUNPATH_SEARCH_PATHS = (
					"$(inherited)",
					"@executable_path/Frameworks",
				);
				MARKETING_VERSION = 1.0;
				PRODUCT_BUNDLE_IDENTIFIER = exersice.com.ToDoList;
				PRODUCT_NAME = "$(TARGET_NAME)";
				SWIFT_EMIT_LOC_STRINGS = YES;
				SWIFT_VERSION = 5.0;
				TARGETED_DEVICE_FAMILY = "1,2";
			};
			name = Debug;
		};
		3249030C2C1E2CE900068B12 /* Release */ = {
			isa = XCBuildConfiguration;
			buildSettings = {
				ASSETCATALOG_COMPILER_APPICON_NAME = AppIcon;
				ASSETCATALOG_COMPILER_GLOBAL_ACCENT_COLOR_NAME = AccentColor;
				CODE_SIGN_STYLE = Automatic;
				CURRENT_PROJECT_VERSION = 1;
				DEVELOPMENT_ASSET_PATHS = "\"ToDoList/Resources/Preview Content\"";
				DEVELOPMENT_TEAM = 4A3Z74ZVFC;
				ENABLE_PREVIEWS = YES;
				GENERATE_INFOPLIST_FILE = YES;
				INFOPLIST_FILE = ToDoList/Resources/Info.plist;
				INFOPLIST_KEY_UIApplicationSupportsIndirectInputEvents = YES;
				INFOPLIST_KEY_UILaunchScreen_Generation = YES;
				INFOPLIST_KEY_UISupportedInterfaceOrientations_iPad = "UIInterfaceOrientationPortrait UIInterfaceOrientationPortraitUpsideDown UIInterfaceOrientationLandscapeLeft UIInterfaceOrientationLandscapeRight";
				INFOPLIST_KEY_UISupportedInterfaceOrientations_iPhone = "UIInterfaceOrientationPortrait UIInterfaceOrientationLandscapeLeft UIInterfaceOrientationLandscapeRight";
				LD_RUNPATH_SEARCH_PATHS = (
					"$(inherited)",
					"@executable_path/Frameworks",
				);
				MARKETING_VERSION = 1.0;
				PRODUCT_BUNDLE_IDENTIFIER = exersice.com.ToDoList;
				PRODUCT_NAME = "$(TARGET_NAME)";
				SWIFT_EMIT_LOC_STRINGS = YES;
				SWIFT_VERSION = 5.0;
				TARGETED_DEVICE_FAMILY = "1,2";
			};
			name = Release;
		};
		3249030E2C1E2CE900068B12 /* Debug */ = {
			isa = XCBuildConfiguration;
			buildSettings = {
				ALWAYS_EMBED_SWIFT_STANDARD_LIBRARIES = YES;
				BUNDLE_LOADER = "$(TEST_HOST)";
				CODE_SIGN_STYLE = Automatic;
				CURRENT_PROJECT_VERSION = 1;
				GENERATE_INFOPLIST_FILE = YES;
				IPHONEOS_DEPLOYMENT_TARGET = 16.2;
				MARKETING_VERSION = 1.0;
				PRODUCT_BUNDLE_IDENTIFIER = exersice.com.ToDoListTests;
				PRODUCT_NAME = "$(TARGET_NAME)";
				SWIFT_EMIT_LOC_STRINGS = NO;
				SWIFT_VERSION = 5.0;
				TARGETED_DEVICE_FAMILY = "1,2";
				TEST_HOST = "$(BUILT_PRODUCTS_DIR)/ToDoList.app/$(BUNDLE_EXECUTABLE_FOLDER_PATH)/ToDoList";
			};
			name = Debug;
		};
		3249030F2C1E2CE900068B12 /* Release */ = {
			isa = XCBuildConfiguration;
			buildSettings = {
				ALWAYS_EMBED_SWIFT_STANDARD_LIBRARIES = YES;
				BUNDLE_LOADER = "$(TEST_HOST)";
				CODE_SIGN_STYLE = Automatic;
				CURRENT_PROJECT_VERSION = 1;
				GENERATE_INFOPLIST_FILE = YES;
				IPHONEOS_DEPLOYMENT_TARGET = 16.2;
				MARKETING_VERSION = 1.0;
				PRODUCT_BUNDLE_IDENTIFIER = exersice.com.ToDoListTests;
				PRODUCT_NAME = "$(TARGET_NAME)";
				SWIFT_EMIT_LOC_STRINGS = NO;
				SWIFT_VERSION = 5.0;
				TARGETED_DEVICE_FAMILY = "1,2";
				TEST_HOST = "$(BUILT_PRODUCTS_DIR)/ToDoList.app/$(BUNDLE_EXECUTABLE_FOLDER_PATH)/ToDoList";
			};
			name = Release;
		};
		324903112C1E2CE900068B12 /* Debug */ = {
			isa = XCBuildConfiguration;
			buildSettings = {
				ALWAYS_EMBED_SWIFT_STANDARD_LIBRARIES = YES;
				CODE_SIGN_STYLE = Automatic;
				CURRENT_PROJECT_VERSION = 1;
				GENERATE_INFOPLIST_FILE = YES;
				MARKETING_VERSION = 1.0;
				PRODUCT_BUNDLE_IDENTIFIER = exersice.com.ToDoListUITests;
				PRODUCT_NAME = "$(TARGET_NAME)";
				SWIFT_EMIT_LOC_STRINGS = NO;
				SWIFT_VERSION = 5.0;
				TARGETED_DEVICE_FAMILY = "1,2";
				TEST_TARGET_NAME = ToDoList;
			};
			name = Debug;
		};
		324903122C1E2CE900068B12 /* Release */ = {
			isa = XCBuildConfiguration;
			buildSettings = {
				ALWAYS_EMBED_SWIFT_STANDARD_LIBRARIES = YES;
				CODE_SIGN_STYLE = Automatic;
				CURRENT_PROJECT_VERSION = 1;
				GENERATE_INFOPLIST_FILE = YES;
				MARKETING_VERSION = 1.0;
				PRODUCT_BUNDLE_IDENTIFIER = exersice.com.ToDoListUITests;
				PRODUCT_NAME = "$(TARGET_NAME)";
				SWIFT_EMIT_LOC_STRINGS = NO;
				SWIFT_VERSION = 5.0;
				TARGETED_DEVICE_FAMILY = "1,2";
				TEST_TARGET_NAME = ToDoList;
			};
			name = Release;
		};
/* End XCBuildConfiguration section */

/* Begin XCConfigurationList section */
		324902E12C1E2CE500068B12 /* Build configuration list for PBXProject "ToDoList" */ = {
			isa = XCConfigurationList;
			buildConfigurations = (
				324903082C1E2CE900068B12 /* Debug */,
				324903092C1E2CE900068B12 /* Release */,
			);
			defaultConfigurationIsVisible = 0;
			defaultConfigurationName = Release;
		};
		3249030A2C1E2CE900068B12 /* Build configuration list for PBXNativeTarget "ToDoList" */ = {
			isa = XCConfigurationList;
			buildConfigurations = (
				3249030B2C1E2CE900068B12 /* Debug */,
				3249030C2C1E2CE900068B12 /* Release */,
			);
			defaultConfigurationIsVisible = 0;
			defaultConfigurationName = Release;
		};
		3249030D2C1E2CE900068B12 /* Build configuration list for PBXNativeTarget "ToDoListTests" */ = {
			isa = XCConfigurationList;
			buildConfigurations = (
				3249030E2C1E2CE900068B12 /* Debug */,
				3249030F2C1E2CE900068B12 /* Release */,
			);
			defaultConfigurationIsVisible = 0;
			defaultConfigurationName = Release;
		};
		324903102C1E2CE900068B12 /* Build configuration list for PBXNativeTarget "ToDoListUITests" */ = {
			isa = XCConfigurationList;
			buildConfigurations = (
				324903112C1E2CE900068B12 /* Debug */,
				324903122C1E2CE900068B12 /* Release */,
			);
			defaultConfigurationIsVisible = 0;
			defaultConfigurationName = Release;
		};
/* End XCConfigurationList section */
	};
	rootObject = 324902DE2C1E2CE500068B12 /* Project object */;
}
